
Microsoft Visual Studio Solution File, Format Version 12.00
# Visual Studio Version 16
VisualStudioVersion = 16.0.30804.86
MinimumVisualStudioVersion = 10.0.40219.1
Project("{FAE04EC0-301F-11D3-BF4B-00C04F79EFBC}") = "EXA0501_Alejandro_Mendívil", "EXA0501_Alejandro_Mendívil\EXA0501_Alejandro_Mendívil.csproj", "{1FB81F18-0FC9-467A-BED2-E2524E669C80}"
EndProject
Global
	GlobalSection(SolutionConfigurationPlatforms) = preSolution
		Debug|Any CPU = Debug|Any CPU
		Release|Any CPU = Release|Any CPU
	EndGlobalSection
	GlobalSection(ProjectConfigurationPlatforms) = postSolution
		{1FB81F18-0FC9-467A-BED2-E2524E669C80}.Debug|Any CPU.ActiveCfg = Debug|Any CPU
		{1FB81F18-0FC9-467A-BED2-E2524E669C80}.Debug|Any CPU.Build.0 = Debug|Any CPU
		{1FB81F18-0FC9-467A-BED2-E2524E669C80}.Release|Any CPU.ActiveCfg = Release|Any CPU
		{1FB81F18-0FC9-467A-BED2-E2524E669C80}.Release|Any CPU.Build.0 = Release|Any CPU
	EndGlobalSection
	GlobalSection(SolutionProperties) = preSolution
		HideSolutionNode = FALSE
	EndGlobalSection
	GlobalSection(ExtensibilityGlobals) = postSolution
		SolutionGuid = {5EE231E3-6149-453D-B4AB-22917C5DF2C3}
	EndGlobalSection
EndGlobal
