
Microsoft Visual Studio Solution File, Format Version 12.00
# Visual Studio Version 16
VisualStudioVersion = 16.0.30804.86
MinimumVisualStudioVersion = 10.0.40219.1
Project("{FAE04EC0-301F-11D3-BF4B-00C04F79EFBC}") = "Rec.Prog", "Rec.Prog\Rec.Prog.csproj", "{39494085-E27A-4CCB-AB46-DE26B32CB66E}"
EndProject
Global
	GlobalSection(SolutionConfigurationPlatforms) = preSolution
		Debug|Any CPU = Debug|Any CPU
		Release|Any CPU = Release|Any CPU
	EndGlobalSection
	GlobalSection(ProjectConfigurationPlatforms) = postSolution
		{39494085-E27A-4CCB-AB46-DE26B32CB66E}.Debug|Any CPU.ActiveCfg = Debug|Any CPU
		{39494085-E27A-4CCB-AB46-DE26B32CB66E}.Debug|Any CPU.Build.0 = Debug|Any CPU
		{39494085-E27A-4CCB-AB46-DE26B32CB66E}.Release|Any CPU.ActiveCfg = Release|Any CPU
		{39494085-E27A-4CCB-AB46-DE26B32CB66E}.Release|Any CPU.Build.0 = Release|Any CPU
	EndGlobalSection
	GlobalSection(SolutionProperties) = preSolution
		HideSolutionNode = FALSE
	EndGlobalSection
	GlobalSection(ExtensibilityGlobals) = postSolution
		SolutionGuid = {0EC992F7-C42F-4EAC-AAD0-4BAAFD151F8D}
	EndGlobalSection
EndGlobal
