
Microsoft Visual Studio Solution File, Format Version 12.00
# Visual Studio Version 16
VisualStudioVersion = 16.0.30804.86
MinimumVisualStudioVersion = 10.0.40219.1
Project("{FAE04EC0-301F-11D3-BF4B-00C04F79EFBC}") = "Ficheros_1", "Ficheros_1\Ficheros_1.csproj", "{A3A06B54-DE25-493E-B308-F0EB86BB99ED}"
EndProject
Global
	GlobalSection(SolutionConfigurationPlatforms) = preSolution
		Debug|Any CPU = Debug|Any CPU
		Release|Any CPU = Release|Any CPU
	EndGlobalSection
	GlobalSection(ProjectConfigurationPlatforms) = postSolution
		{A3A06B54-DE25-493E-B308-F0EB86BB99ED}.Debug|Any CPU.ActiveCfg = Debug|Any CPU
		{A3A06B54-DE25-493E-B308-F0EB86BB99ED}.Debug|Any CPU.Build.0 = Debug|Any CPU
		{A3A06B54-DE25-493E-B308-F0EB86BB99ED}.Release|Any CPU.ActiveCfg = Release|Any CPU
		{A3A06B54-DE25-493E-B308-F0EB86BB99ED}.Release|Any CPU.Build.0 = Release|Any CPU
	EndGlobalSection
	GlobalSection(SolutionProperties) = preSolution
		HideSolutionNode = FALSE
	EndGlobalSection
	GlobalSection(ExtensibilityGlobals) = postSolution
		SolutionGuid = {AC406B7A-0CE4-4247-90DB-E832671FE6FA}
	EndGlobalSection
EndGlobal
